
Microsoft Visual Studio Solution File, Format Version 12.00
# Visual Studio Version 17
VisualStudioVersion = 17.13.35919.96 d17.13
MinimumVisualStudioVersion = 10.0.40219.1
Project("{FAE04EC0-301F-11D3-BF4B-00C04F79EFBC}") = "NumeralSystem", "NumeralSystem\NumeralSystem.csproj", "{1DC018C5-317C-4071-82A9-C450A15AD7FD}"
EndProject
Project("{FAE04EC0-301F-11D3-BF4B-00C04F79EFBC}") = "NumeralSystem.UnitTest", "NumeralSystem.UnitTest\NumeralSystem.UnitTest.csproj", "{796F79B4-AD18-437B-9384-114A9F3B4BF5}"
EndProject
Global
	GlobalSection(SolutionConfigurationPlatforms) = preSolution
		Debug|Any CPU = Debug|Any CPU
		Release|Any CPU = Release|Any CPU
	EndGlobalSection
	GlobalSection(ProjectConfigurationPlatforms) = postSolution
		{1DC018C5-317C-4071-82A9-C450A15AD7FD}.Debug|Any CPU.ActiveCfg = Debug|Any CPU
		{1DC018C5-317C-4071-82A9-C450A15AD7FD}.Debug|Any CPU.Build.0 = Debug|Any CPU
		{1DC018C5-317C-4071-82A9-C450A15AD7FD}.Release|Any CPU.ActiveCfg = Release|Any CPU
		{1DC018C5-317C-4071-82A9-C450A15AD7FD}.Release|Any CPU.Build.0 = Release|Any CPU
		{796F79B4-AD18-437B-9384-114A9F3B4BF5}.Debug|Any CPU.ActiveCfg = Debug|Any CPU
		{796F79B4-AD18-437B-9384-114A9F3B4BF5}.Debug|Any CPU.Build.0 = Debug|Any CPU
		{796F79B4-AD18-437B-9384-114A9F3B4BF5}.Release|Any CPU.ActiveCfg = Release|Any CPU
		{796F79B4-AD18-437B-9384-114A9F3B4BF5}.Release|Any CPU.Build.0 = Release|Any CPU
	EndGlobalSection
	GlobalSection(SolutionProperties) = preSolution
		HideSolutionNode = FALSE
	EndGlobalSection
	GlobalSection(ExtensibilityGlobals) = postSolution
		SolutionGuid = {69B96D65-4CEB-4961-B45C-8A5441118B2F}
	EndGlobalSection
EndGlobal
